// !$*UTF8*$!
{
	archiveVersion = 1;
	classes = {
	};
	objectVersion = 56;
	objects = {

/* Begin PBXBuildFile section */
		B901E4192A536B7200DEDEC0 /* AdditionGameViewModel.swift in Sources */ = {isa = PBXBuildFile; fileRef = B901E4182A536B7200DEDEC0 /* AdditionGameViewModel.swift */; };
		B901E41C2A54407500DEDEC0 /* BackgroundView.swift in Sources */ = {isa = PBXBuildFile; fileRef = B901E41B2A54407500DEDEC0 /* BackgroundView.swift */; };
		B901E41E2A54416300DEDEC0 /* AdditionGameView.swift in Sources */ = {isa = PBXBuildFile; fileRef = B901E41D2A54416300DEDEC0 /* AdditionGameView.swift */; };
		B901E4202A54419B00DEDEC0 /* HighScoreView.swift in Sources */ = {isa = PBXBuildFile; fileRef = B901E41F2A54419B00DEDEC0 /* HighScoreView.swift */; };
		B901E4222A544A6F00DEDEC0 /* ScoreLivesView.swift in Sources */ = {isa = PBXBuildFile; fileRef = B901E4212A544A6F00DEDEC0 /* ScoreLivesView.swift */; };
		B901E4242A544B7000DEDEC0 /* TitleValueView.swift in Sources */ = {isa = PBXBuildFile; fileRef = B901E4232A544B7000DEDEC0 /* TitleValueView.swift */; };
		B901E4262A544BED00DEDEC0 /* LivesView.swift in Sources */ = {isa = PBXBuildFile; fileRef = B901E4252A544BED00DEDEC0 /* LivesView.swift */; };
		B901E4282A54589F00DEDEC0 /* BubbleView.swift in Sources */ = {isa = PBXBuildFile; fileRef = B901E4272A54589E00DEDEC0 /* BubbleView.swift */; };
		B901E42A2A548F2100DEDEC0 /* OptionsView.swift in Sources */ = {isa = PBXBuildFile; fileRef = B901E4292A548F2100DEDEC0 /* OptionsView.swift */; };
		B901E42C2A55C71A00DEDEC0 /* GameOverView.swift in Sources */ = {isa = PBXBuildFile; fileRef = B901E42B2A55C71A00DEDEC0 /* GameOverView.swift */; };
		B901E42E2A569A1100DEDEC0 /* EnterNewHighScoreView.swift in Sources */ = {isa = PBXBuildFile; fileRef = B901E42D2A569A1000DEDEC0 /* EnterNewHighScoreView.swift */; };
		B95EC4C72AAF910E00260D76 /* HighScoreEntity.swift in Sources */ = {isa = PBXBuildFile; fileRef = B95EC4C62AAF910E00260D76 /* HighScoreEntity.swift */; };
		B9E3B6EA2A5818E700F235E2 /* HighScoreTitle.swift in Sources */ = {isa = PBXBuildFile; fileRef = B9E3B6E92A5818E700F235E2 /* HighScoreTitle.swift */; };
		B9E3B6EC2A58197B00F235E2 /* VtextImage.swift in Sources */ = {isa = PBXBuildFile; fileRef = B9E3B6EB2A58197B00F235E2 /* VtextImage.swift */; };
		B9E3B6F02A5834ED00F235E2 /* NumericExtension.swift in Sources */ = {isa = PBXBuildFile; fileRef = B9E3B6EF2A5834ED00F235E2 /* NumericExtension.swift */; };
		B9F5B5702A4BF63100C6277C /* Adding_GameApp.swift in Sources */ = {isa = PBXBuildFile; fileRef = B9F5B56F2A4BF63100C6277C /* Adding_GameApp.swift */; };
		B9F5B5722A4BF63100C6277C /* MainView.swift in Sources */ = {isa = PBXBuildFile; fileRef = B9F5B5712A4BF63100C6277C /* MainView.swift */; };
		B9F5B5742A4BF63300C6277C /* Assets.xcassets in Resources */ = {isa = PBXBuildFile; fileRef = B9F5B5732A4BF63300C6277C /* Assets.xcassets */; };
		B9F5B5782A4BF63400C6277C /* Preview Assets.xcassets in Resources */ = {isa = PBXBuildFile; fileRef = B9F5B5772A4BF63400C6277C /* Preview Assets.xcassets */; };
		B9F5B5862A4C27F200C6277C /* Image Constants.swift in Sources */ = {isa = PBXBuildFile; fileRef = B9F5B5852A4C27F200C6277C /* Image Constants.swift */; };
		B9F5B5942A4DD58000C6277C /* Test Localize.swift in Sources */ = {isa = PBXBuildFile; fileRef = B9F5B5932A4DD58000C6277C /* Test Localize.swift */; };
		B9F5B5972A4DD76200C6277C /* Localizable.strings in Resources */ = {isa = PBXBuildFile; fileRef = B9F5B5992A4DD76200C6277C /* Localizable.strings */; };
		B9F5B5A72A4E214400C6277C /* ProblemModel.swift in Sources */ = {isa = PBXBuildFile; fileRef = B9F5B5A62A4E214300C6277C /* ProblemModel.swift */; };
		B9F5B5E52A4F1FBE00C6277C /* GameModel.swift in Sources */ = {isa = PBXBuildFile; fileRef = B9F5B5E42A4F1FBE00C6277C /* GameModel.swift */; };
/* End PBXBuildFile section */

/* Begin PBXFileReference section */
		B901E4182A536B7200DEDEC0 /* AdditionGameViewModel.swift */ = {isa = PBXFileReference; lastKnownFileType = sourcecode.swift; path = AdditionGameViewModel.swift; sourceTree = "<group>"; };
		B901E41B2A54407500DEDEC0 /* BackgroundView.swift */ = {isa = PBXFileReference; lastKnownFileType = sourcecode.swift; path = BackgroundView.swift; sourceTree = "<group>"; };
		B901E41D2A54416300DEDEC0 /* AdditionGameView.swift */ = {isa = PBXFileReference; lastKnownFileType = sourcecode.swift; path = AdditionGameView.swift; sourceTree = "<group>"; };
		B901E41F2A54419B00DEDEC0 /* HighScoreView.swift */ = {isa = PBXFileReference; lastKnownFileType = sourcecode.swift; path = HighScoreView.swift; sourceTree = "<group>"; };
		B901E4212A544A6F00DEDEC0 /* ScoreLivesView.swift */ = {isa = PBXFileReference; lastKnownFileType = sourcecode.swift; path = ScoreLivesView.swift; sourceTree = "<group>"; };
		B901E4232A544B7000DEDEC0 /* TitleValueView.swift */ = {isa = PBXFileReference; lastKnownFileType = sourcecode.swift; path = TitleValueView.swift; sourceTree = "<group>"; };
		B901E4252A544BED00DEDEC0 /* LivesView.swift */ = {isa = PBXFileReference; lastKnownFileType = sourcecode.swift; path = LivesView.swift; sourceTree = "<group>"; };
		B901E4272A54589E00DEDEC0 /* BubbleView.swift */ = {isa = PBXFileReference; lastKnownFileType = sourcecode.swift; path = BubbleView.swift; sourceTree = "<group>"; };
		B901E4292A548F2100DEDEC0 /* OptionsView.swift */ = {isa = PBXFileReference; lastKnownFileType = sourcecode.swift; path = OptionsView.swift; sourceTree = "<group>"; };
		B901E42B2A55C71A00DEDEC0 /* GameOverView.swift */ = {isa = PBXFileReference; lastKnownFileType = sourcecode.swift; path = GameOverView.swift; sourceTree = "<group>"; };
		B901E42D2A569A1000DEDEC0 /* EnterNewHighScoreView.swift */ = {isa = PBXFileReference; lastKnownFileType = sourcecode.swift; path = EnterNewHighScoreView.swift; sourceTree = "<group>"; };
		B95EC4C62AAF910E00260D76 /* HighScoreEntity.swift */ = {isa = PBXFileReference; lastKnownFileType = sourcecode.swift; path = HighScoreEntity.swift; sourceTree = "<group>"; };
		B9E3B6E92A5818E700F235E2 /* HighScoreTitle.swift */ = {isa = PBXFileReference; lastKnownFileType = sourcecode.swift; path = HighScoreTitle.swift; sourceTree = "<group>"; };
		B9E3B6EB2A58197B00F235E2 /* VtextImage.swift */ = {isa = PBXFileReference; lastKnownFileType = sourcecode.swift; path = VtextImage.swift; sourceTree = "<group>"; };
		B9E3B6EF2A5834ED00F235E2 /* NumericExtension.swift */ = {isa = PBXFileReference; lastKnownFileType = sourcecode.swift; path = NumericExtension.swift; sourceTree = "<group>"; };
		B9F5B56C2A4BF63100C6277C /* Adding Game.app */ = {isa = PBXFileReference; explicitFileType = wrapper.application; includeInIndex = 0; path = "Adding Game.app"; sourceTree = BUILT_PRODUCTS_DIR; };
		B9F5B56F2A4BF63100C6277C /* Adding_GameApp.swift */ = {isa = PBXFileReference; lastKnownFileType = sourcecode.swift; path = Adding_GameApp.swift; sourceTree = "<group>"; };
		B9F5B5712A4BF63100C6277C /* MainView.swift */ = {isa = PBXFileReference; lastKnownFileType = sourcecode.swift; path = MainView.swift; sourceTree = "<group>"; };
		B9F5B5732A4BF63300C6277C /* Assets.xcassets */ = {isa = PBXFileReference; lastKnownFileType = folder.assetcatalog; path = Assets.xcassets; sourceTree = "<group>"; };
		B9F5B5752A4BF63400C6277C /* Adding_Game.entitlements */ = {isa = PBXFileReference; lastKnownFileType = text.plist.entitlements; path = Adding_Game.entitlements; sourceTree = "<group>"; };
		B9F5B5772A4BF63400C6277C /* Preview Assets.xcassets */ = {isa = PBXFileReference; lastKnownFileType = folder.assetcatalog; path = "Preview Assets.xcassets"; sourceTree = "<group>"; };
		B9F5B5852A4C27F200C6277C /* Image Constants.swift */ = {isa = PBXFileReference; lastKnownFileType = sourcecode.swift; path = "Image Constants.swift"; sourceTree = "<group>"; };
		B9F5B5932A4DD58000C6277C /* Test Localize.swift */ = {isa = PBXFileReference; lastKnownFileType = sourcecode.swift; path = "Test Localize.swift"; sourceTree = "<group>"; };
		B9F5B5982A4DD76200C6277C /* en */ = {isa = PBXFileReference; lastKnownFileType = text.plist.strings; name = en; path = en.lproj/Localizable.strings; sourceTree = "<group>"; };
		B9F5B59A2A4DD76A00C6277C /* ar */ = {isa = PBXFileReference; lastKnownFileType = text.plist.strings; name = ar; path = ar.lproj/Localizable.strings; sourceTree = "<group>"; };
		B9F5B59B2A4DD76B00C6277C /* fr */ = {isa = PBXFileReference; lastKnownFileType = text.plist.strings; name = fr; path = fr.lproj/Localizable.strings; sourceTree = "<group>"; };
		B9F5B59C2A4DD76C00C6277C /* he */ = {isa = PBXFileReference; lastKnownFileType = text.plist.strings; name = he; path = he.lproj/Localizable.strings; sourceTree = "<group>"; };
		B9F5B59D2A4DD76D00C6277C /* it */ = {isa = PBXFileReference; lastKnownFileType = text.plist.strings; name = it; path = it.lproj/Localizable.strings; sourceTree = "<group>"; };
		B9F5B59E2A4DD76D00C6277C /* pt-PT */ = {isa = PBXFileReference; lastKnownFileType = text.plist.strings; name = "pt-PT"; path = "pt-PT.lproj/Localizable.strings"; sourceTree = "<group>"; };
		B9F5B59F2A4DD76E00C6277C /* es */ = {isa = PBXFileReference; lastKnownFileType = text.plist.strings; name = es; path = es.lproj/Localizable.strings; sourceTree = "<group>"; };
		B9F5B5A02A4DD76F00C6277C /* tr */ = {isa = PBXFileReference; lastKnownFileType = text.plist.strings; name = tr; path = tr.lproj/Localizable.strings; sourceTree = "<group>"; };
		B9F5B5A62A4E214300C6277C /* ProblemModel.swift */ = {isa = PBXFileReference; lastKnownFileType = sourcecode.swift; path = ProblemModel.swift; sourceTree = "<group>"; };
		B9F5B5E42A4F1FBE00C6277C /* GameModel.swift */ = {isa = PBXFileReference; lastKnownFileType = sourcecode.swift; path = GameModel.swift; sourceTree = "<group>"; };
/* End PBXFileReference section */

/* Begin PBXFrameworksBuildPhase section */
		B9F5B5692A4BF63100C6277C /* Frameworks */ = {
			isa = PBXFrameworksBuildPhase;
			buildActionMask = 2147483647;
			files = (
			);
			runOnlyForDeploymentPostprocessing = 0;
		};
/* End PBXFrameworksBuildPhase section */

/* Begin PBXGroup section */
		B901E41A2A54405E00DEDEC0 /* Background Views */ = {
			isa = PBXGroup;
			children = (
				B901E41B2A54407500DEDEC0 /* BackgroundView.swift */,
			);
			path = "Background Views";
			sourceTree = "<group>";
		};
		B9F5B5632A4BF63100C6277C = {
			isa = PBXGroup;
			children = (
				B9F5B56E2A4BF63100C6277C /* Adding Game */,
				B9F5B56D2A4BF63100C6277C /* Products */,
			);
			sourceTree = "<group>";
		};
		B9F5B56D2A4BF63100C6277C /* Products */ = {
			isa = PBXGroup;
			children = (
				B9F5B56C2A4BF63100C6277C /* Adding Game.app */,
			);
			name = Products;
			sourceTree = "<group>";
		};
		B9F5B56E2A4BF63100C6277C /* Adding Game */ = {
			isa = PBXGroup;
			children = (
				B9F5B5822A4BF7A000C6277C /* Constants */,
				B9F5B5812A4BF79800C6277C /* Extensions */,
				B9F5B5802A4BF78C00C6277C /* Model */,
				B9F5B57F2A4BF78300C6277C /* ViewModels */,
				B9F5B57E2A4BF77000C6277C /* View */,
				B9F5B56F2A4BF63100C6277C /* Adding_GameApp.swift */,
				B9F5B5732A4BF63300C6277C /* Assets.xcassets */,
				B9F5B5752A4BF63400C6277C /* Adding_Game.entitlements */,
				B9F5B5762A4BF63400C6277C /* Preview Content */,
			);
			path = "Adding Game";
			sourceTree = "<group>";
		};
		B9F5B5762A4BF63400C6277C /* Preview Content */ = {
			isa = PBXGroup;
			children = (
				B9F5B5772A4BF63400C6277C /* Preview Assets.xcassets */,
			);
			path = "Preview Content";
			sourceTree = "<group>";
		};
		B9F5B57E2A4BF77000C6277C /* View */ = {
			isa = PBXGroup;
			children = (
				B9F5B5712A4BF63100C6277C /* MainView.swift */,
				B901E41A2A54405E00DEDEC0 /* Background Views */,
				B9F5B5842A4BF7B600C6277C /* High Score View */,
				B9F5B5832A4BF7AB00C6277C /* Addtion Game View */,
				B9F5B5932A4DD58000C6277C /* Test Localize.swift */,
			);
			path = View;
			sourceTree = "<group>";
		};
		B9F5B57F2A4BF78300C6277C /* ViewModels */ = {
			isa = PBXGroup;
			children = (
				B901E4182A536B7200DEDEC0 /* AdditionGameViewModel.swift */,
			);
			path = ViewModels;
			sourceTree = "<group>";
		};
		B9F5B5802A4BF78C00C6277C /* Model */ = {
			isa = PBXGroup;
			children = (
				B95EC4C62AAF910E00260D76 /* HighScoreEntity.swift */,
				B9F5B5A62A4E214300C6277C /* ProblemModel.swift */,
				B9F5B5E42A4F1FBE00C6277C /* GameModel.swift */,
			);
			path = Model;
			sourceTree = "<group>";
		};
		B9F5B5812A4BF79800C6277C /* Extensions */ = {
			isa = PBXGroup;
			children = (
				B9E3B6EF2A5834ED00F235E2 /* NumericExtension.swift */,
			);
			path = Extensions;
			sourceTree = "<group>";
		};
		B9F5B5822A4BF7A000C6277C /* Constants */ = {
			isa = PBXGroup;
			children = (
				B9F5B5852A4C27F200C6277C /* Image Constants.swift */,
				B9F5B5992A4DD76200C6277C /* Localizable.strings */,
			);
			path = Constants;
			sourceTree = "<group>";
		};
		B9F5B5832A4BF7AB00C6277C /* Addtion Game View */ = {
			isa = PBXGroup;
			children = (
				B901E41D2A54416300DEDEC0 /* AdditionGameView.swift */,
				B901E42B2A55C71A00DEDEC0 /* GameOverView.swift */,
				B901E42D2A569A1000DEDEC0 /* EnterNewHighScoreView.swift */,
				B901E4292A548F2100DEDEC0 /* OptionsView.swift */,
				B901E4272A54589E00DEDEC0 /* BubbleView.swift */,
				B901E4212A544A6F00DEDEC0 /* ScoreLivesView.swift */,
				B901E4252A544BED00DEDEC0 /* LivesView.swift */,
				B901E4232A544B7000DEDEC0 /* TitleValueView.swift */,
			);
			path = "Addtion Game View";
			sourceTree = "<group>";
		};
		B9F5B5842A4BF7B600C6277C /* High Score View */ = {
			isa = PBXGroup;
			children = (
				B901E41F2A54419B00DEDEC0 /* HighScoreView.swift */,
				B9E3B6E92A5818E700F235E2 /* HighScoreTitle.swift */,
				B9E3B6EB2A58197B00F235E2 /* VtextImage.swift */,
			);
			path = "High Score View";
			sourceTree = "<group>";
		};
/* End PBXGroup section */

/* Begin PBXNativeTarget section */
		B9F5B56B2A4BF63100C6277C /* Adding Game */ = {
			isa = PBXNativeTarget;
			buildConfigurationList = B9F5B57B2A4BF63400C6277C /* Build configuration list for PBXNativeTarget "Adding Game" */;
			buildPhases = (
				B9F5B5682A4BF63100C6277C /* Sources */,
				B9F5B5692A4BF63100C6277C /* Frameworks */,
				B9F5B56A2A4BF63100C6277C /* Resources */,
			);
			buildRules = (
			);
			dependencies = (
			);
			name = "Adding Game";
			productName = "Adding Game";
			productReference = B9F5B56C2A4BF63100C6277C /* Adding Game.app */;
			productType = "com.apple.product-type.application";
		};
/* End PBXNativeTarget section */

/* Begin PBXProject section */
		B9F5B5642A4BF63100C6277C /* Project object */ = {
			isa = PBXProject;
			attributes = {
				BuildIndependentTargetsInParallel = 1;
				LastSwiftUpdateCheck = 1420;
				LastUpgradeCheck = 1500;
				TargetAttributes = {
					B9F5B56B2A4BF63100C6277C = {
						CreatedOnToolsVersion = 14.2;
					};
				};
			};
			buildConfigurationList = B9F5B5672A4BF63100C6277C /* Build configuration list for PBXProject "Adding Game" */;
			compatibilityVersion = "Xcode 14.0";
			developmentRegion = en;
			hasScannedForEncodings = 0;
			knownRegions = (
				en,
				Base,
				ar,
				fr,
				he,
				it,
				"pt-PT",
				es,
				tr,
			);
			mainGroup = B9F5B5632A4BF63100C6277C;
			productRefGroup = B9F5B56D2A4BF63100C6277C /* Products */;
			projectDirPath = "";
			projectRoot = "";
			targets = (
				B9F5B56B2A4BF63100C6277C /* Adding Game */,
			);
		};
/* End PBXProject section */

/* Begin PBXResourcesBuildPhase section */
		B9F5B56A2A4BF63100C6277C /* Resources */ = {
			isa = PBXResourcesBuildPhase;
			buildActionMask = 2147483647;
			files = (
				B9F5B5782A4BF63400C6277C /* Preview Assets.xcassets in Resources */,
				B9F5B5972A4DD76200C6277C /* Localizable.strings in Resources */,
				B9F5B5742A4BF63300C6277C /* Assets.xcassets in Resources */,
			);
			runOnlyForDeploymentPostprocessing = 0;
		};
/* End PBXResourcesBuildPhase section */

/* Begin PBXSourcesBuildPhase section */
		B9F5B5682A4BF63100C6277C /* Sources */ = {
			isa = PBXSourcesBuildPhase;
			buildActionMask = 2147483647;
			files = (
				B901E41C2A54407500DEDEC0 /* BackgroundView.swift in Sources */,
				B9F5B5862A4C27F200C6277C /* Image Constants.swift in Sources */,
				B901E4282A54589F00DEDEC0 /* BubbleView.swift in Sources */,
				B901E4262A544BED00DEDEC0 /* LivesView.swift in Sources */,
				B9F5B5A72A4E214400C6277C /* ProblemModel.swift in Sources */,
				B901E4242A544B7000DEDEC0 /* TitleValueView.swift in Sources */,
				B901E4222A544A6F00DEDEC0 /* ScoreLivesView.swift in Sources */,
				B9E3B6EC2A58197B00F235E2 /* VtextImage.swift in Sources */,
				B9F5B5942A4DD58000C6277C /* Test Localize.swift in Sources */,
				B9E3B6EA2A5818E700F235E2 /* HighScoreTitle.swift in Sources */,
				B9E3B6F02A5834ED00F235E2 /* NumericExtension.swift in Sources */,
				B901E42E2A569A1100DEDEC0 /* EnterNewHighScoreView.swift in Sources */,
				B9F5B5722A4BF63100C6277C /* MainView.swift in Sources */,
				B901E4192A536B7200DEDEC0 /* AdditionGameViewModel.swift in Sources */,
				B901E41E2A54416300DEDEC0 /* AdditionGameView.swift in Sources */,
				B95EC4C72AAF910E00260D76 /* HighScoreEntity.swift in Sources */,
				B9F5B5E52A4F1FBE00C6277C /* GameModel.swift in Sources */,
				B901E4202A54419B00DEDEC0 /* HighScoreView.swift in Sources */,
				B901E42A2A548F2100DEDEC0 /* OptionsView.swift in Sources */,
				B9F5B5702A4BF63100C6277C /* Adding_GameApp.swift in Sources */,
				B901E42C2A55C71A00DEDEC0 /* GameOverView.swift in Sources */,
			);
			runOnlyForDeploymentPostprocessing = 0;
		};
/* End PBXSourcesBuildPhase section */

/* Begin PBXVariantGroup section */
		B9F5B5992A4DD76200C6277C /* Localizable.strings */ = {
			isa = PBXVariantGroup;
			children = (
				B9F5B5982A4DD76200C6277C /* en */,
				B9F5B59A2A4DD76A00C6277C /* ar */,
				B9F5B59B2A4DD76B00C6277C /* fr */,
				B9F5B59C2A4DD76C00C6277C /* he */,
				B9F5B59D2A4DD76D00C6277C /* it */,
				B9F5B59E2A4DD76D00C6277C /* pt-PT */,
				B9F5B59F2A4DD76E00C6277C /* es */,
				B9F5B5A02A4DD76F00C6277C /* tr */,
			);
			name = Localizable.strings;
			sourceTree = "<group>";
		};
/* End PBXVariantGroup section */

/* Begin XCBuildConfiguration section */
		B9F5B5792A4BF63400C6277C /* Debug */ = {
			isa = XCBuildConfiguration;
			buildSettings = {
				ALWAYS_SEARCH_USER_PATHS = NO;
				CLANG_ANALYZER_LOCALIZABILITY_NONLOCALIZED = YES;
				CLANG_ANALYZER_NONNULL = YES;
				CLANG_ANALYZER_NUMBER_OBJECT_CONVERSION = YES_AGGRESSIVE;
				CLANG_CXX_LANGUAGE_STANDARD = "gnu++20";
				CLANG_ENABLE_MODULES = YES;
				CLANG_ENABLE_OBJC_ARC = YES;
				CLANG_ENABLE_OBJC_WEAK = YES;
				CLANG_WARN_BLOCK_CAPTURE_AUTORELEASING = YES;
				CLANG_WARN_BOOL_CONVERSION = YES;
				CLANG_WARN_COMMA = YES;
				CLANG_WARN_CONSTANT_CONVERSION = YES;
				CLANG_WARN_DEPRECATED_OBJC_IMPLEMENTATIONS = YES;
				CLANG_WARN_DIRECT_OBJC_ISA_USAGE = YES_ERROR;
				CLANG_WARN_DOCUMENTATION_COMMENTS = YES;
				CLANG_WARN_EMPTY_BODY = YES;
				CLANG_WARN_ENUM_CONVERSION = YES;
				CLANG_WARN_INFINITE_RECURSION = YES;
				CLANG_WARN_INT_CONVERSION = YES;
				CLANG_WARN_NON_LITERAL_NULL_CONVERSION = YES;
				CLANG_WARN_OBJC_IMPLICIT_RETAIN_SELF = YES;
				CLANG_WARN_OBJC_LITERAL_CONVERSION = YES;
				CLANG_WARN_OBJC_ROOT_CLASS = YES_ERROR;
				CLANG_WARN_QUOTED_INCLUDE_IN_FRAMEWORK_HEADER = YES;
				CLANG_WARN_RANGE_LOOP_ANALYSIS = YES;
				CLANG_WARN_STRICT_PROTOTYPES = YES;
				CLANG_WARN_SUSPICIOUS_MOVE = YES;
				CLANG_WARN_UNGUARDED_AVAILABILITY = YES_AGGRESSIVE;
				CLANG_WARN_UNREACHABLE_CODE = YES;
				CLANG_WARN__DUPLICATE_METHOD_MATCH = YES;
				COPY_PHASE_STRIP = NO;
				DEAD_CODE_STRIPPING = YES;
				DEBUG_INFORMATION_FORMAT = dwarf;
				ENABLE_STRICT_OBJC_MSGSEND = YES;
				ENABLE_TESTABILITY = YES;
				ENABLE_USER_SCRIPT_SANDBOXING = YES;
				GCC_C_LANGUAGE_STANDARD = gnu11;
				GCC_DYNAMIC_NO_PIC = NO;
				GCC_NO_COMMON_BLOCKS = YES;
				GCC_OPTIMIZATION_LEVEL = 0;
				GCC_PREPROCESSOR_DEFINITIONS = (
					"DEBUG=1",
					"$(inherited)",
				);
				GCC_WARN_64_TO_32_BIT_CONVERSION = YES;
				GCC_WARN_ABOUT_RETURN_TYPE = YES_ERROR;
				GCC_WARN_UNDECLARED_SELECTOR = YES;
				GCC_WARN_UNINITIALIZED_AUTOS = YES_AGGRESSIVE;
				GCC_WARN_UNUSED_FUNCTION = YES;
				GCC_WARN_UNUSED_VARIABLE = YES;
				MTL_ENABLE_DEBUG_INFO = INCLUDE_SOURCE;
				MTL_FAST_MATH = YES;
				ONLY_ACTIVE_ARCH = YES;
				SWIFT_ACTIVE_COMPILATION_CONDITIONS = DEBUG;
				SWIFT_OPTIMIZATION_LEVEL = "-Onone";
			};
			name = Debug;
		};
		B9F5B57A2A4BF63400C6277C /* Release */ = {
			isa = XCBuildConfiguration;
			buildSettings = {
				ALWAYS_SEARCH_USER_PATHS = NO;
				CLANG_ANALYZER_LOCALIZABILITY_NONLOCALIZED = YES;
				CLANG_ANALYZER_NONNULL = YES;
				CLANG_ANALYZER_NUMBER_OBJECT_CONVERSION = YES_AGGRESSIVE;
				CLANG_CXX_LANGUAGE_STANDARD = "gnu++20";
				CLANG_ENABLE_MODULES = YES;
				CLANG_ENABLE_OBJC_ARC = YES;
				CLANG_ENABLE_OBJC_WEAK = YES;
				CLANG_WARN_BLOCK_CAPTURE_AUTORELEASING = YES;
				CLANG_WARN_BOOL_CONVERSION = YES;
				CLANG_WARN_COMMA = YES;
				CLANG_WARN_CONSTANT_CONVERSION = YES;
				CLANG_WARN_DEPRECATED_OBJC_IMPLEMENTATIONS = YES;
				CLANG_WARN_DIRECT_OBJC_ISA_USAGE = YES_ERROR;
				CLANG_WARN_DOCUMENTATION_COMMENTS = YES;
				CLANG_WARN_EMPTY_BODY = YES;
				CLANG_WARN_ENUM_CONVERSION = YES;
				CLANG_WARN_INFINITE_RECURSION = YES;
				CLANG_WARN_INT_CONVERSION = YES;
				CLANG_WARN_NON_LITERAL_NULL_CONVERSION = YES;
				CLANG_WARN_OBJC_IMPLICIT_RETAIN_SELF = YES;
				CLANG_WARN_OBJC_LITERAL_CONVERSION = YES;
				CLANG_WARN_OBJC_ROOT_CLASS = YES_ERROR;
				CLANG_WARN_QUOTED_INCLUDE_IN_FRAMEWORK_HEADER = YES;
				CLANG_WARN_RANGE_LOOP_ANALYSIS = YES;
				CLANG_WARN_STRICT_PROTOTYPES = YES;
				CLANG_WARN_SUSPICIOUS_MOVE = YES;
				CLANG_WARN_UNGUARDED_AVAILABILITY = YES_AGGRESSIVE;
				CLANG_WARN_UNREACHABLE_CODE = YES;
				CLANG_WARN__DUPLICATE_METHOD_MATCH = YES;
				COPY_PHASE_STRIP = NO;
				DEAD_CODE_STRIPPING = YES;
				DEBUG_INFORMATION_FORMAT = "dwarf-with-dsym";
				ENABLE_NS_ASSERTIONS = NO;
				ENABLE_STRICT_OBJC_MSGSEND = YES;
				ENABLE_USER_SCRIPT_SANDBOXING = YES;
				GCC_C_LANGUAGE_STANDARD = gnu11;
				GCC_NO_COMMON_BLOCKS = YES;
				GCC_WARN_64_TO_32_BIT_CONVERSION = YES;
				GCC_WARN_ABOUT_RETURN_TYPE = YES_ERROR;
				GCC_WARN_UNDECLARED_SELECTOR = YES;
				GCC_WARN_UNINITIALIZED_AUTOS = YES_AGGRESSIVE;
				GCC_WARN_UNUSED_FUNCTION = YES;
				GCC_WARN_UNUSED_VARIABLE = YES;
				MTL_ENABLE_DEBUG_INFO = NO;
				MTL_FAST_MATH = YES;
				SWIFT_COMPILATION_MODE = wholemodule;
				SWIFT_OPTIMIZATION_LEVEL = "-O";
			};
			name = Release;
		};
		B9F5B57C2A4BF63400C6277C /* Debug */ = {
			isa = XCBuildConfiguration;
			buildSettings = {
				ASSETCATALOG_COMPILER_APPICON_NAME = AppIcon;
				ASSETCATALOG_COMPILER_GLOBAL_ACCENT_COLOR_NAME = AccentColor;
				CODE_SIGN_ENTITLEMENTS = "Adding Game/Adding_Game.entitlements";
				CODE_SIGN_STYLE = Automatic;
				CURRENT_PROJECT_VERSION = 1;
				DEAD_CODE_STRIPPING = YES;
				DEVELOPMENT_ASSET_PATHS = "\"Adding Game/Preview Content\"";
				DEVELOPMENT_TEAM = DHVXX6V9MZ;
				ENABLE_HARDENED_RUNTIME = YES;
				ENABLE_PREVIEWS = YES;
				GENERATE_INFOPLIST_FILE = YES;
				"INFOPLIST_KEY_UIApplicationSceneManifest_Generation[sdk=iphoneos*]" = YES;
				"INFOPLIST_KEY_UIApplicationSceneManifest_Generation[sdk=iphonesimulator*]" = YES;
				"INFOPLIST_KEY_UIApplicationSupportsIndirectInputEvents[sdk=iphoneos*]" = YES;
				"INFOPLIST_KEY_UIApplicationSupportsIndirectInputEvents[sdk=iphonesimulator*]" = YES;
				"INFOPLIST_KEY_UILaunchScreen_Generation[sdk=iphoneos*]" = YES;
				"INFOPLIST_KEY_UILaunchScreen_Generation[sdk=iphonesimulator*]" = YES;
				"INFOPLIST_KEY_UIStatusBarStyle[sdk=iphoneos*]" = UIStatusBarStyleDefault;
				"INFOPLIST_KEY_UIStatusBarStyle[sdk=iphonesimulator*]" = UIStatusBarStyleDefault;
				INFOPLIST_KEY_UISupportedInterfaceOrientations_iPad = "UIInterfaceOrientationPortrait UIInterfaceOrientationPortraitUpsideDown UIInterfaceOrientationLandscapeLeft UIInterfaceOrientationLandscapeRight";
				INFOPLIST_KEY_UISupportedInterfaceOrientations_iPhone = "UIInterfaceOrientationPortrait UIInterfaceOrientationLandscapeLeft UIInterfaceOrientationLandscapeRight";
				IPHONEOS_DEPLOYMENT_TARGET = 17.0;
				LD_RUNPATH_SEARCH_PATHS = "@executable_path/Frameworks";
				"LD_RUNPATH_SEARCH_PATHS[sdk=macosx*]" = "@executable_path/../Frameworks";
				MACOSX_DEPLOYMENT_TARGET = 12.6;
				MARKETING_VERSION = 1.0;
				PRODUCT_BUNDLE_IDENTIFIER = "com.ronerez.Adding-Game";
				PRODUCT_NAME = "$(TARGET_NAME)";
				SDKROOT = auto;
				SUPPORTED_PLATFORMS = "iphoneos iphonesimulator macosx";
				SWIFT_EMIT_LOC_STRINGS = YES;
				SWIFT_VERSION = 5.0;
				TARGETED_DEVICE_FAMILY = "1,2";
			};
			name = Debug;
		};
		B9F5B57D2A4BF63400C6277C /* Release */ = {
			isa = XCBuildConfiguration;
			buildSettings = {
				ASSETCATALOG_COMPILER_APPICON_NAME = AppIcon;
				ASSETCATALOG_COMPILER_GLOBAL_ACCENT_COLOR_NAME = AccentColor;
				CODE_SIGN_ENTITLEMENTS = "Adding Game/Adding_Game.entitlements";
				CODE_SIGN_STYLE = Automatic;
				CURRENT_PROJECT_VERSION = 1;
				DEAD_CODE_STRIPPING = YES;
				DEVELOPMENT_ASSET_PATHS = "\"Adding Game/Preview Content\"";
				DEVELOPMENT_TEAM = DHVXX6V9MZ;
				ENABLE_HARDENED_RUNTIME = YES;
				ENABLE_PREVIEWS = YES;
				GENERATE_INFOPLIST_FILE = YES;
				"INFOPLIST_KEY_UIApplicationSceneManifest_Generation[sdk=iphoneos*]" = YES;
				"INFOPLIST_KEY_UIApplicationSceneManifest_Generation[sdk=iphonesimulator*]" = YES;
				"INFOPLIST_KEY_UIApplicationSupportsIndirectInputEvents[sdk=iphoneos*]" = YES;
				"INFOPLIST_KEY_UIApplicationSupportsIndirectInputEvents[sdk=iphonesimulator*]" = YES;
				"INFOPLIST_KEY_UILaunchScreen_Generation[sdk=iphoneos*]" = YES;
				"INFOPLIST_KEY_UILaunchScreen_Generation[sdk=iphonesimulator*]" = YES;
				"INFOPLIST_KEY_UIStatusBarStyle[sdk=iphoneos*]" = UIStatusBarStyleDefault;
				"INFOPLIST_KEY_UIStatusBarStyle[sdk=iphonesimulator*]" = UIStatusBarStyleDefault;
				INFOPLIST_KEY_UISupportedInterfaceOrientations_iPad = "UIInterfaceOrientationPortrait UIInterfaceOrientationPortraitUpsideDown UIInterfaceOrientationLandscapeLeft UIInterfaceOrientationLandscapeRight";
				INFOPLIST_KEY_UISupportedInterfaceOrientations_iPhone = "UIInterfaceOrientationPortrait UIInterfaceOrientationLandscapeLeft UIInterfaceOrientationLandscapeRight";
				IPHONEOS_DEPLOYMENT_TARGET = 17.0;
				LD_RUNPATH_SEARCH_PATHS = "@executable_path/Frameworks";
				"LD_RUNPATH_SEARCH_PATHS[sdk=macosx*]" = "@executable_path/../Frameworks";
				MACOSX_DEPLOYMENT_TARGET = 12.6;
				MARKETING_VERSION = 1.0;
				PRODUCT_BUNDLE_IDENTIFIER = "com.ronerez.Adding-Game";
				PRODUCT_NAME = "$(TARGET_NAME)";
				SDKROOT = auto;
				SUPPORTED_PLATFORMS = "iphoneos iphonesimulator macosx";
				SWIFT_EMIT_LOC_STRINGS = YES;
				SWIFT_VERSION = 5.0;
				TARGETED_DEVICE_FAMILY = "1,2";
			};
			name = Release;
		};
/* End XCBuildConfiguration section */

/* Begin XCConfigurationList section */
		B9F5B5672A4BF63100C6277C /* Build configuration list for PBXProject "Adding Game" */ = {
			isa = XCConfigurationList;
			buildConfigurations = (
				B9F5B5792A4BF63400C6277C /* Debug */,
				B9F5B57A2A4BF63400C6277C /* Release */,
			);
			defaultConfigurationIsVisible = 0;
			defaultConfigurationName = Release;
		};
		B9F5B57B2A4BF63400C6277C /* Build configuration list for PBXNativeTarget "Adding Game" */ = {
			isa = XCConfigurationList;
			buildConfigurations = (
				B9F5B57C2A4BF63400C6277C /* Debug */,
				B9F5B57D2A4BF63400C6277C /* Release */,
			);
			defaultConfigurationIsVisible = 0;
			defaultConfigurationName = Release;
		};
/* End XCConfigurationList section */
	};
	rootObject = B9F5B5642A4BF63100C6277C /* Project object */;
}
