// !$*UTF8*$!
{
	archiveVersion = 1;
	classes = {
	};
	objectVersion = 55;
	objects = {

/* Begin PBXBuildFile section */
		B950FC6C281AA26C00F96A56 /* Meditation_AppApp.swift in Sources */ = {isa = PBXBuildFile; fileRef = B950FC5C281AA26900F96A56 /* Meditation_AppApp.swift */; };
		B950FC6D281AA26C00F96A56 /* Meditation_AppApp.swift in Sources */ = {isa = PBXBuildFile; fileRef = B950FC5C281AA26900F96A56 /* Meditation_AppApp.swift */; };
		B950FC70281AA26C00F96A56 /* Assets.xcassets in Resources */ = {isa = PBXBuildFile; fileRef = B950FC5E281AA26C00F96A56 /* Assets.xcassets */; };
		B950FC71281AA26C00F96A56 /* Assets.xcassets in Resources */ = {isa = PBXBuildFile; fileRef = B950FC5E281AA26C00F96A56 /* Assets.xcassets */; };
		B950FC7B281AA33000F96A56 /* HomeScreenView.swift in Sources */ = {isa = PBXBuildFile; fileRef = B950FC7A281AA33000F96A56 /* HomeScreenView.swift */; };
		B950FC7C281AA33000F96A56 /* HomeScreenView.swift in Sources */ = {isa = PBXBuildFile; fileRef = B950FC7A281AA33000F96A56 /* HomeScreenView.swift */; };
		B950FC7E281AA70100F96A56 /* ColorConstants.swift in Sources */ = {isa = PBXBuildFile; fileRef = B950FC7D281AA70100F96A56 /* ColorConstants.swift */; };
		B950FC7F281AA70100F96A56 /* ColorConstants.swift in Sources */ = {isa = PBXBuildFile; fileRef = B950FC7D281AA70100F96A56 /* ColorConstants.swift */; };
		B950FC82281ACD5500F96A56 /* MainTabView.swift in Sources */ = {isa = PBXBuildFile; fileRef = B950FC81281ACD5500F96A56 /* MainTabView.swift */; };
		B950FC83281ACD5500F96A56 /* MainTabView.swift in Sources */ = {isa = PBXBuildFile; fileRef = B950FC81281ACD5500F96A56 /* MainTabView.swift */; };
/* End PBXBuildFile section */

/* Begin PBXFileReference section */
		B950FC5C281AA26900F96A56 /* Meditation_AppApp.swift */ = {isa = PBXFileReference; lastKnownFileType = sourcecode.swift; path = Meditation_AppApp.swift; sourceTree = "<group>"; };
		B950FC5E281AA26C00F96A56 /* Assets.xcassets */ = {isa = PBXFileReference; lastKnownFileType = folder.assetcatalog; path = Assets.xcassets; sourceTree = "<group>"; };
		B950FC63281AA26C00F96A56 /* Meditation App.app */ = {isa = PBXFileReference; explicitFileType = wrapper.application; includeInIndex = 0; path = "Meditation App.app"; sourceTree = BUILT_PRODUCTS_DIR; };
		B950FC69281AA26C00F96A56 /* Meditation App.app */ = {isa = PBXFileReference; explicitFileType = wrapper.application; includeInIndex = 0; path = "Meditation App.app"; sourceTree = BUILT_PRODUCTS_DIR; };
		B950FC6B281AA26C00F96A56 /* macOS.entitlements */ = {isa = PBXFileReference; lastKnownFileType = text.plist.entitlements; path = macOS.entitlements; sourceTree = "<group>"; };
		B950FC7A281AA33000F96A56 /* HomeScreenView.swift */ = {isa = PBXFileReference; lastKnownFileType = sourcecode.swift; path = HomeScreenView.swift; sourceTree = "<group>"; };
		B950FC7D281AA70100F96A56 /* ColorConstants.swift */ = {isa = PBXFileReference; lastKnownFileType = sourcecode.swift; path = ColorConstants.swift; sourceTree = "<group>"; };
		B950FC81281ACD5500F96A56 /* MainTabView.swift */ = {isa = PBXFileReference; lastKnownFileType = sourcecode.swift; path = MainTabView.swift; sourceTree = "<group>"; };
/* End PBXFileReference section */

/* Begin PBXFrameworksBuildPhase section */
		B950FC60281AA26C00F96A56 /* Frameworks */ = {
			isa = PBXFrameworksBuildPhase;
			buildActionMask = 2147483647;
			files = (
			);
			runOnlyForDeploymentPostprocessing = 0;
		};
		B950FC66281AA26C00F96A56 /* Frameworks */ = {
			isa = PBXFrameworksBuildPhase;
			buildActionMask = 2147483647;
			files = (
			);
			runOnlyForDeploymentPostprocessing = 0;
		};
/* End PBXFrameworksBuildPhase section */

/* Begin PBXGroup section */
		B950FC56281AA26900F96A56 = {
			isa = PBXGroup;
			children = (
				B950FC5B281AA26900F96A56 /* Shared */,
				B950FC6A281AA26C00F96A56 /* macOS */,
				B950FC64281AA26C00F96A56 /* Products */,
			);
			sourceTree = "<group>";
		};
		B950FC5B281AA26900F96A56 /* Shared */ = {
			isa = PBXGroup;
			children = (
				B950FC80281AA7AC00F96A56 /* Views */,
				B950FC5C281AA26900F96A56 /* Meditation_AppApp.swift */,
				B950FC5E281AA26C00F96A56 /* Assets.xcassets */,
			);
			path = Shared;
			sourceTree = "<group>";
		};
		B950FC64281AA26C00F96A56 /* Products */ = {
			isa = PBXGroup;
			children = (
				B950FC63281AA26C00F96A56 /* Meditation App.app */,
				B950FC69281AA26C00F96A56 /* Meditation App.app */,
			);
			name = Products;
			sourceTree = "<group>";
		};
		B950FC6A281AA26C00F96A56 /* macOS */ = {
			isa = PBXGroup;
			children = (
				B950FC6B281AA26C00F96A56 /* macOS.entitlements */,
			);
			path = macOS;
			sourceTree = "<group>";
		};
		B950FC80281AA7AC00F96A56 /* Views */ = {
			isa = PBXGroup;
			children = (
				B950FC7A281AA33000F96A56 /* HomeScreenView.swift */,
				B950FC81281ACD5500F96A56 /* MainTabView.swift */,
				B950FC7D281AA70100F96A56 /* ColorConstants.swift */,
			);
			path = Views;
			sourceTree = "<group>";
		};
/* End PBXGroup section */

/* Begin PBXNativeTarget section */
		B950FC62281AA26C00F96A56 /* Meditation App (iOS) */ = {
			isa = PBXNativeTarget;
			buildConfigurationList = B950FC74281AA26C00F96A56 /* Build configuration list for PBXNativeTarget "Meditation App (iOS)" */;
			buildPhases = (
				B950FC5F281AA26C00F96A56 /* Sources */,
				B950FC60281AA26C00F96A56 /* Frameworks */,
				B950FC61281AA26C00F96A56 /* Resources */,
			);
			buildRules = (
			);
			dependencies = (
			);
			name = "Meditation App (iOS)";
			productName = "Meditation App (iOS)";
			productReference = B950FC63281AA26C00F96A56 /* Meditation App.app */;
			productType = "com.apple.product-type.application";
		};
		B950FC68281AA26C00F96A56 /* Meditation App (macOS) */ = {
			isa = PBXNativeTarget;
			buildConfigurationList = B950FC77281AA26C00F96A56 /* Build configuration list for PBXNativeTarget "Meditation App (macOS)" */;
			buildPhases = (
				B950FC65281AA26C00F96A56 /* Sources */,
				B950FC66281AA26C00F96A56 /* Frameworks */,
				B950FC67281AA26C00F96A56 /* Resources */,
			);
			buildRules = (
			);
			dependencies = (
			);
			name = "Meditation App (macOS)";
			productName = "Meditation App (macOS)";
			productReference = B950FC69281AA26C00F96A56 /* Meditation App.app */;
			productType = "com.apple.product-type.application";
		};
/* End PBXNativeTarget section */

/* Begin PBXProject section */
		B950FC57281AA26900F96A56 /* Project object */ = {
			isa = PBXProject;
			attributes = {
				BuildIndependentTargetsInParallel = 1;
				LastSwiftUpdateCheck = 1320;
				LastUpgradeCheck = 1320;
				TargetAttributes = {
					B950FC62281AA26C00F96A56 = {
						CreatedOnToolsVersion = 13.2.1;
					};
					B950FC68281AA26C00F96A56 = {
						CreatedOnToolsVersion = 13.2.1;
					};
				};
			};
			buildConfigurationList = B950FC5A281AA26900F96A56 /* Build configuration list for PBXProject "Meditation App" */;
			compatibilityVersion = "Xcode 13.0";
			developmentRegion = en;
			hasScannedForEncodings = 0;
			knownRegions = (
				en,
				Base,
			);
			mainGroup = B950FC56281AA26900F96A56;
			productRefGroup = B950FC64281AA26C00F96A56 /* Products */;
			projectDirPath = "";
			projectRoot = "";
			targets = (
				B950FC62281AA26C00F96A56 /* Meditation App (iOS) */,
				B950FC68281AA26C00F96A56 /* Meditation App (macOS) */,
			);
		};
/* End PBXProject section */

/* Begin PBXResourcesBuildPhase section */
		B950FC61281AA26C00F96A56 /* Resources */ = {
			isa = PBXResourcesBuildPhase;
			buildActionMask = 2147483647;
			files = (
				B950FC70281AA26C00F96A56 /* Assets.xcassets in Resources */,
			);
			runOnlyForDeploymentPostprocessing = 0;
		};
		B950FC67281AA26C00F96A56 /* Resources */ = {
			isa = PBXResourcesBuildPhase;
			buildActionMask = 2147483647;
			files = (
				B950FC71281AA26C00F96A56 /* Assets.xcassets in Resources */,
			);
			runOnlyForDeploymentPostprocessing = 0;
		};
/* End PBXResourcesBuildPhase section */

/* Begin PBXSourcesBuildPhase section */
		B950FC5F281AA26C00F96A56 /* Sources */ = {
			isa = PBXSourcesBuildPhase;
			buildActionMask = 2147483647;
			files = (
				B950FC7B281AA33000F96A56 /* HomeScreenView.swift in Sources */,
				B950FC6C281AA26C00F96A56 /* Meditation_AppApp.swift in Sources */,
				B950FC7E281AA70100F96A56 /* ColorConstants.swift in Sources */,
				B950FC82281ACD5500F96A56 /* MainTabView.swift in Sources */,
			);
			runOnlyForDeploymentPostprocessing = 0;
		};
		B950FC65281AA26C00F96A56 /* Sources */ = {
			isa = PBXSourcesBuildPhase;
			buildActionMask = 2147483647;
			files = (
				B950FC7C281AA33000F96A56 /* HomeScreenView.swift in Sources */,
				B950FC6D281AA26C00F96A56 /* Meditation_AppApp.swift in Sources */,
				B950FC7F281AA70100F96A56 /* ColorConstants.swift in Sources */,
				B950FC83281ACD5500F96A56 /* MainTabView.swift in Sources */,
			);
			runOnlyForDeploymentPostprocessing = 0;
		};
/* End PBXSourcesBuildPhase section */

/* Begin XCBuildConfiguration section */
		B950FC72281AA26C00F96A56 /* Debug */ = {
			isa = XCBuildConfiguration;
			buildSettings = {
				ALWAYS_SEARCH_USER_PATHS = NO;
				CLANG_ANALYZER_NONNULL = YES;
				CLANG_ANALYZER_NUMBER_OBJECT_CONVERSION = YES_AGGRESSIVE;
				CLANG_CXX_LANGUAGE_STANDARD = "gnu++17";
				CLANG_CXX_LIBRARY = "libc++";
				CLANG_ENABLE_MODULES = YES;
				CLANG_ENABLE_OBJC_ARC = YES;
				CLANG_ENABLE_OBJC_WEAK = YES;
				CLANG_WARN_BLOCK_CAPTURE_AUTORELEASING = YES;
				CLANG_WARN_BOOL_CONVERSION = YES;
				CLANG_WARN_COMMA = YES;
				CLANG_WARN_CONSTANT_CONVERSION = YES;
				CLANG_WARN_DEPRECATED_OBJC_IMPLEMENTATIONS = YES;
				CLANG_WARN_DIRECT_OBJC_ISA_USAGE = YES_ERROR;
				CLANG_WARN_DOCUMENTATION_COMMENTS = YES;
				CLANG_WARN_EMPTY_BODY = YES;
				CLANG_WARN_ENUM_CONVERSION = YES;
				CLANG_WARN_INFINITE_RECURSION = YES;
				CLANG_WARN_INT_CONVERSION = YES;
				CLANG_WARN_NON_LITERAL_NULL_CONVERSION = YES;
				CLANG_WARN_OBJC_IMPLICIT_RETAIN_SELF = YES;
				CLANG_WARN_OBJC_LITERAL_CONVERSION = YES;
				CLANG_WARN_OBJC_ROOT_CLASS = YES_ERROR;
				CLANG_WARN_QUOTED_INCLUDE_IN_FRAMEWORK_HEADER = YES;
				CLANG_WARN_RANGE_LOOP_ANALYSIS = YES;
				CLANG_WARN_STRICT_PROTOTYPES = YES;
				CLANG_WARN_SUSPICIOUS_MOVE = YES;
				CLANG_WARN_UNGUARDED_AVAILABILITY = YES_AGGRESSIVE;
				CLANG_WARN_UNREACHABLE_CODE = YES;
				CLANG_WARN__DUPLICATE_METHOD_MATCH = YES;
				COPY_PHASE_STRIP = NO;
				DEBUG_INFORMATION_FORMAT = dwarf;
				ENABLE_STRICT_OBJC_MSGSEND = YES;
				ENABLE_TESTABILITY = YES;
				GCC_C_LANGUAGE_STANDARD = gnu11;
				GCC_DYNAMIC_NO_PIC = NO;
				GCC_NO_COMMON_BLOCKS = YES;
				GCC_OPTIMIZATION_LEVEL = 0;
				GCC_PREPROCESSOR_DEFINITIONS = (
					"DEBUG=1",
					"$(inherited)",
				);
				GCC_WARN_64_TO_32_BIT_CONVERSION = YES;
				GCC_WARN_ABOUT_RETURN_TYPE = YES_ERROR;
				GCC_WARN_UNDECLARED_SELECTOR = YES;
				GCC_WARN_UNINITIALIZED_AUTOS = YES_AGGRESSIVE;
				GCC_WARN_UNUSED_FUNCTION = YES;
				GCC_WARN_UNUSED_VARIABLE = YES;
				MTL_ENABLE_DEBUG_INFO = INCLUDE_SOURCE;
				MTL_FAST_MATH = YES;
				ONLY_ACTIVE_ARCH = YES;
				SWIFT_ACTIVE_COMPILATION_CONDITIONS = DEBUG;
				SWIFT_OPTIMIZATION_LEVEL = "-Onone";
			};
			name = Debug;
		};
		B950FC73281AA26C00F96A56 /* Release */ = {
			isa = XCBuildConfiguration;
			buildSettings = {
				ALWAYS_SEARCH_USER_PATHS = NO;
				CLANG_ANALYZER_NONNULL = YES;
				CLANG_ANALYZER_NUMBER_OBJECT_CONVERSION = YES_AGGRESSIVE;
				CLANG_CXX_LANGUAGE_STANDARD = "gnu++17";
				CLANG_CXX_LIBRARY = "libc++";
				CLANG_ENABLE_MODULES = YES;
				CLANG_ENABLE_OBJC_ARC = YES;
				CLANG_ENABLE_OBJC_WEAK = YES;
				CLANG_WARN_BLOCK_CAPTURE_AUTORELEASING = YES;
				CLANG_WARN_BOOL_CONVERSION = YES;
				CLANG_WARN_COMMA = YES;
				CLANG_WARN_CONSTANT_CONVERSION = YES;
				CLANG_WARN_DEPRECATED_OBJC_IMPLEMENTATIONS = YES;
				CLANG_WARN_DIRECT_OBJC_ISA_USAGE = YES_ERROR;
				CLANG_WARN_DOCUMENTATION_COMMENTS = YES;
				CLANG_WARN_EMPTY_BODY = YES;
				CLANG_WARN_ENUM_CONVERSION = YES;
				CLANG_WARN_INFINITE_RECURSION = YES;
				CLANG_WARN_INT_CONVERSION = YES;
				CLANG_WARN_NON_LITERAL_NULL_CONVERSION = YES;
				CLANG_WARN_OBJC_IMPLICIT_RETAIN_SELF = YES;
				CLANG_WARN_OBJC_LITERAL_CONVERSION = YES;
				CLANG_WARN_OBJC_ROOT_CLASS = YES_ERROR;
				CLANG_WARN_QUOTED_INCLUDE_IN_FRAMEWORK_HEADER = YES;
				CLANG_WARN_RANGE_LOOP_ANALYSIS = YES;
				CLANG_WARN_STRICT_PROTOTYPES = YES;
				CLANG_WARN_SUSPICIOUS_MOVE = YES;
				CLANG_WARN_UNGUARDED_AVAILABILITY = YES_AGGRESSIVE;
				CLANG_WARN_UNREACHABLE_CODE = YES;
				CLANG_WARN__DUPLICATE_METHOD_MATCH = YES;
				COPY_PHASE_STRIP = NO;
				DEBUG_INFORMATION_FORMAT = "dwarf-with-dsym";
				ENABLE_NS_ASSERTIONS = NO;
				ENABLE_STRICT_OBJC_MSGSEND = YES;
				GCC_C_LANGUAGE_STANDARD = gnu11;
				GCC_NO_COMMON_BLOCKS = YES;
				GCC_WARN_64_TO_32_BIT_CONVERSION = YES;
				GCC_WARN_ABOUT_RETURN_TYPE = YES_ERROR;
				GCC_WARN_UNDECLARED_SELECTOR = YES;
				GCC_WARN_UNINITIALIZED_AUTOS = YES_AGGRESSIVE;
				GCC_WARN_UNUSED_FUNCTION = YES;
				GCC_WARN_UNUSED_VARIABLE = YES;
				MTL_ENABLE_DEBUG_INFO = NO;
				MTL_FAST_MATH = YES;
				SWIFT_COMPILATION_MODE = wholemodule;
				SWIFT_OPTIMIZATION_LEVEL = "-O";
			};
			name = Release;
		};
		B950FC75281AA26C00F96A56 /* Debug */ = {
			isa = XCBuildConfiguration;
			buildSettings = {
				ASSETCATALOG_COMPILER_APPICON_NAME = AppIcon;
				ASSETCATALOG_COMPILER_GLOBAL_ACCENT_COLOR_NAME = AccentColor;
				CODE_SIGN_STYLE = Automatic;
				CURRENT_PROJECT_VERSION = 1;
				DEVELOPMENT_TEAM = DHVXX6V9MZ;
				ENABLE_PREVIEWS = YES;
				GENERATE_INFOPLIST_FILE = YES;
				INFOPLIST_KEY_UIApplicationSceneManifest_Generation = YES;
				INFOPLIST_KEY_UIApplicationSupportsIndirectInputEvents = YES;
				INFOPLIST_KEY_UILaunchScreen_Generation = YES;
				INFOPLIST_KEY_UISupportedInterfaceOrientations_iPad = "UIInterfaceOrientationPortrait UIInterfaceOrientationPortraitUpsideDown UIInterfaceOrientationLandscapeLeft UIInterfaceOrientationLandscapeRight";
				INFOPLIST_KEY_UISupportedInterfaceOrientations_iPhone = "UIInterfaceOrientationPortrait UIInterfaceOrientationLandscapeLeft UIInterfaceOrientationLandscapeRight";
				IPHONEOS_DEPLOYMENT_TARGET = 15.2;
				LD_RUNPATH_SEARCH_PATHS = (
					"$(inherited)",
					"@executable_path/Frameworks",
				);
				MARKETING_VERSION = 1.0;
				PRODUCT_BUNDLE_IDENTIFIER = "com.ronerez.Meditation-App";
				PRODUCT_NAME = "Meditation App";
				SDKROOT = iphoneos;
				SWIFT_EMIT_LOC_STRINGS = YES;
				SWIFT_VERSION = 5.0;
				TARGETED_DEVICE_FAMILY = "1,2";
			};
			name = Debug;
		};
		B950FC76281AA26C00F96A56 /* Release */ = {
			isa = XCBuildConfiguration;
			buildSettings = {
				ASSETCATALOG_COMPILER_APPICON_NAME = AppIcon;
				ASSETCATALOG_COMPILER_GLOBAL_ACCENT_COLOR_NAME = AccentColor;
				CODE_SIGN_STYLE = Automatic;
				CURRENT_PROJECT_VERSION = 1;
				DEVELOPMENT_TEAM = DHVXX6V9MZ;
				ENABLE_PREVIEWS = YES;
				GENERATE_INFOPLIST_FILE = YES;
				INFOPLIST_KEY_UIApplicationSceneManifest_Generation = YES;
				INFOPLIST_KEY_UIApplicationSupportsIndirectInputEvents = YES;
				INFOPLIST_KEY_UILaunchScreen_Generation = YES;
				INFOPLIST_KEY_UISupportedInterfaceOrientations_iPad = "UIInterfaceOrientationPortrait UIInterfaceOrientationPortraitUpsideDown UIInterfaceOrientationLandscapeLeft UIInterfaceOrientationLandscapeRight";
				INFOPLIST_KEY_UISupportedInterfaceOrientations_iPhone = "UIInterfaceOrientationPortrait UIInterfaceOrientationLandscapeLeft UIInterfaceOrientationLandscapeRight";
				IPHONEOS_DEPLOYMENT_TARGET = 15.2;
				LD_RUNPATH_SEARCH_PATHS = (
					"$(inherited)",
					"@executable_path/Frameworks",
				);
				MARKETING_VERSION = 1.0;
				PRODUCT_BUNDLE_IDENTIFIER = "com.ronerez.Meditation-App";
				PRODUCT_NAME = "Meditation App";
				SDKROOT = iphoneos;
				SWIFT_EMIT_LOC_STRINGS = YES;
				SWIFT_VERSION = 5.0;
				TARGETED_DEVICE_FAMILY = "1,2";
				VALIDATE_PRODUCT = YES;
			};
			name = Release;
		};
		B950FC78281AA26C00F96A56 /* Debug */ = {
			isa = XCBuildConfiguration;
			buildSettings = {
				ASSETCATALOG_COMPILER_APPICON_NAME = AppIcon;
				ASSETCATALOG_COMPILER_GLOBAL_ACCENT_COLOR_NAME = AccentColor;
				CODE_SIGN_ENTITLEMENTS = macOS/macOS.entitlements;
				CODE_SIGN_STYLE = Automatic;
				COMBINE_HIDPI_IMAGES = YES;
				CURRENT_PROJECT_VERSION = 1;
				DEVELOPMENT_TEAM = DHVXX6V9MZ;
				ENABLE_HARDENED_RUNTIME = YES;
				ENABLE_PREVIEWS = YES;
				GENERATE_INFOPLIST_FILE = YES;
				INFOPLIST_KEY_NSHumanReadableCopyright = "";
				LD_RUNPATH_SEARCH_PATHS = (
					"$(inherited)",
					"@executable_path/../Frameworks",
				);
				MACOSX_DEPLOYMENT_TARGET = 11.4;
				MARKETING_VERSION = 1.0;
				PRODUCT_BUNDLE_IDENTIFIER = "com.ronerez.Meditation-App";
				PRODUCT_NAME = "Meditation App";
				SDKROOT = macosx;
				SWIFT_EMIT_LOC_STRINGS = YES;
				SWIFT_VERSION = 5.0;
			};
			name = Debug;
		};
		B950FC79281AA26C00F96A56 /* Release */ = {
			isa = XCBuildConfiguration;
			buildSettings = {
				ASSETCATALOG_COMPILER_APPICON_NAME = AppIcon;
				ASSETCATALOG_COMPILER_GLOBAL_ACCENT_COLOR_NAME = AccentColor;
				CODE_SIGN_ENTITLEMENTS = macOS/macOS.entitlements;
				CODE_SIGN_STYLE = Automatic;
				COMBINE_HIDPI_IMAGES = YES;
				CURRENT_PROJECT_VERSION = 1;
				DEVELOPMENT_TEAM = DHVXX6V9MZ;
				ENABLE_HARDENED_RUNTIME = YES;
				ENABLE_PREVIEWS = YES;
				GENERATE_INFOPLIST_FILE = YES;
				INFOPLIST_KEY_NSHumanReadableCopyright = "";
				LD_RUNPATH_SEARCH_PATHS = (
					"$(inherited)",
					"@executable_path/../Frameworks",
				);
				MACOSX_DEPLOYMENT_TARGET = 11.4;
				MARKETING_VERSION = 1.0;
				PRODUCT_BUNDLE_IDENTIFIER = "com.ronerez.Meditation-App";
				PRODUCT_NAME = "Meditation App";
				SDKROOT = macosx;
				SWIFT_EMIT_LOC_STRINGS = YES;
				SWIFT_VERSION = 5.0;
			};
			name = Release;
		};
/* End XCBuildConfiguration section */

/* Begin XCConfigurationList section */
		B950FC5A281AA26900F96A56 /* Build configuration list for PBXProject "Meditation App" */ = {
			isa = XCConfigurationList;
			buildConfigurations = (
				B950FC72281AA26C00F96A56 /* Debug */,
				B950FC73281AA26C00F96A56 /* Release */,
			);
			defaultConfigurationIsVisible = 0;
			defaultConfigurationName = Release;
		};
		B950FC74281AA26C00F96A56 /* Build configuration list for PBXNativeTarget "Meditation App (iOS)" */ = {
			isa = XCConfigurationList;
			buildConfigurations = (
				B950FC75281AA26C00F96A56 /* Debug */,
				B950FC76281AA26C00F96A56 /* Release */,
			);
			defaultConfigurationIsVisible = 0;
			defaultConfigurationName = Release;
		};
		B950FC77281AA26C00F96A56 /* Build configuration list for PBXNativeTarget "Meditation App (macOS)" */ = {
			isa = XCConfigurationList;
			buildConfigurations = (
				B950FC78281AA26C00F96A56 /* Debug */,
				B950FC79281AA26C00F96A56 /* Release */,
			);
			defaultConfigurationIsVisible = 0;
			defaultConfigurationName = Release;
		};
/* End XCConfigurationList section */
	};
	rootObject = B950FC57281AA26900F96A56 /* Project object */;
}
